
Microsoft Visual Studio Solution File, Format Version 12.00
# Visual Studio Version 17
VisualStudioVersion = 17.14.36603.0 d17.14
MinimumVisualStudioVersion = 10.0.40219.1
Project("{FAE04EC0-301F-11D3-BF4B-00C04F79EFBC}") = "AdequadorGPXPorMP4", "AdequadorGPXPorMP4.csproj", "{6E8E90C5-8B6A-447C-AB6B-823FF284F39D}"
EndProject
Global
	GlobalSection(SolutionConfigurationPlatforms) = preSolution
		Debug|Any CPU = Debug|Any CPU
		Release|Any CPU = Release|Any CPU
	EndGlobalSection
	GlobalSection(ProjectConfigurationPlatforms) = postSolution
		{6E8E90C5-8B6A-447C-AB6B-823FF284F39D}.Debug|Any CPU.ActiveCfg = Debug|Any CPU
		{6E8E90C5-8B6A-447C-AB6B-823FF284F39D}.Debug|Any CPU.Build.0 = Debug|Any CPU
		{6E8E90C5-8B6A-447C-AB6B-823FF284F39D}.Release|Any CPU.ActiveCfg = Release|Any CPU
		{6E8E90C5-8B6A-447C-AB6B-823FF284F39D}.Release|Any CPU.Build.0 = Release|Any CPU
	EndGlobalSection
	GlobalSection(SolutionProperties) = preSolution
		HideSolutionNode = FALSE
	EndGlobalSection
	GlobalSection(ExtensibilityGlobals) = postSolution
		SolutionGuid = {716F2423-69FB-4B47-99FD-D2B42DAC8A23}
	EndGlobalSection
EndGlobal
